
Microsoft Visual Studio Solution File, Format Version 12.00
# Visual Studio Version 17
VisualStudioVersion = 17.0.32112.339
MinimumVisualStudioVersion = 10.0.40219.1
Project("{FAE04EC0-301F-11D3-BF4B-00C04F79EFBC}") = "ConsoleApp4", "ConsoleApp4\ConsoleApp4.csproj", "{414A9B91-1308-4E5A-90DA-7D09991A77BB}"
EndProject
Global
	GlobalSection(SolutionConfigurationPlatforms) = preSolution
		Debug|Any CPU = Debug|Any CPU
		Release|Any CPU = Release|Any CPU
	EndGlobalSection
	GlobalSection(ProjectConfigurationPlatforms) = postSolution
		{414A9B91-1308-4E5A-90DA-7D09991A77BB}.Debug|Any CPU.ActiveCfg = Debug|Any CPU
		{414A9B91-1308-4E5A-90DA-7D09991A77BB}.Debug|Any CPU.Build.0 = Debug|Any CPU
		{414A9B91-1308-4E5A-90DA-7D09991A77BB}.Release|Any CPU.ActiveCfg = Release|Any CPU
		{414A9B91-1308-4E5A-90DA-7D09991A77BB}.Release|Any CPU.Build.0 = Release|Any CPU
	EndGlobalSection
	GlobalSection(SolutionProperties) = preSolution
		HideSolutionNode = FALSE
	EndGlobalSection
	GlobalSection(ExtensibilityGlobals) = postSolution
		SolutionGuid = {D9F0566B-558C-4CFE-8A74-F83AE42E21DE}
	EndGlobalSection
EndGlobal
